
Microsoft Visual Studio Solution File, Format Version 12.00
# Visual Studio Version 16
VisualStudioVersion = 16.0.29215.179
MinimumVisualStudioVersion = 10.0.40219.1
Project("{8BC9CEB8-8B4A-11D0-8D11-00A0C91BC942}") = "Network-Module", "Network-Module\Network-Module.vcxproj", "{8F6B338A-2A3B-4FA3-A104-7CE6135DE5AD}"
EndProject
Project("{8BC9CEB8-8B4A-11D0-8D11-00A0C91BC942}") = "Client-Demo", "Client-Demo\Client-Demo.vcxproj", "{8F2DBEBC-76C4-4A4E-B23A-A12B1914DB52}"
EndProject
Project("{8BC9CEB8-8B4A-11D0-8D11-00A0C91BC942}") = "Host-Demo", "Host-Demo\Host-Demo.vcxproj", "{A3DFDA9B-2610-40C0-816D-52F59CCE8171}"
EndProject
Global
	GlobalSection(SolutionConfigurationPlatforms) = preSolution
		Debug|x64 = Debug|x64
		Debug|x86 = Debug|x86
		Release|x64 = Release|x64
		Release|x86 = Release|x86
	EndGlobalSection
	GlobalSection(ProjectConfigurationPlatforms) = postSolution
		{8F6B338A-2A3B-4FA3-A104-7CE6135DE5AD}.Debug|x64.ActiveCfg = Debug|x64
		{8F6B338A-2A3B-4FA3-A104-7CE6135DE5AD}.Debug|x64.Build.0 = Debug|x64
		{8F6B338A-2A3B-4FA3-A104-7CE6135DE5AD}.Debug|x86.ActiveCfg = Debug|Win32
		{8F6B338A-2A3B-4FA3-A104-7CE6135DE5AD}.Debug|x86.Build.0 = Debug|Win32
		{8F6B338A-2A3B-4FA3-A104-7CE6135DE5AD}.Release|x64.ActiveCfg = Release|x64
		{8F6B338A-2A3B-4FA3-A104-7CE6135DE5AD}.Release|x64.Build.0 = Release|x64
		{8F6B338A-2A3B-4FA3-A104-7CE6135DE5AD}.Release|x86.ActiveCfg = Release|Win32
		{8F6B338A-2A3B-4FA3-A104-7CE6135DE5AD}.Release|x86.Build.0 = Release|Win32
		{8F2DBEBC-76C4-4A4E-B23A-A12B1914DB52}.Debug|x64.ActiveCfg = Debug|x64
		{8F2DBEBC-76C4-4A4E-B23A-A12B1914DB52}.Debug|x64.Build.0 = Debug|x64
		{8F2DBEBC-76C4-4A4E-B23A-A12B1914DB52}.Debug|x86.ActiveCfg = Debug|Win32
		{8F2DBEBC-76C4-4A4E-B23A-A12B1914DB52}.Debug|x86.Build.0 = Debug|Win32
		{8F2DBEBC-76C4-4A4E-B23A-A12B1914DB52}.Release|x64.ActiveCfg = Release|x64
		{8F2DBEBC-76C4-4A4E-B23A-A12B1914DB52}.Release|x64.Build.0 = Release|x64
		{8F2DBEBC-76C4-4A4E-B23A-A12B1914DB52}.Release|x86.ActiveCfg = Release|Win32
		{8F2DBEBC-76C4-4A4E-B23A-A12B1914DB52}.Release|x86.Build.0 = Release|Win32
		{A3DFDA9B-2610-40C0-816D-52F59CCE8171}.Debug|x64.ActiveCfg = Debug|x64
		{A3DFDA9B-2610-40C0-816D-52F59CCE8171}.Debug|x64.Build.0 = Debug|x64
		{A3DFDA9B-2610-40C0-816D-52F59CCE8171}.Debug|x86.ActiveCfg = Debug|Win32
		{A3DFDA9B-2610-40C0-816D-52F59CCE8171}.Debug|x86.Build.0 = Debug|Win32
		{A3DFDA9B-2610-40C0-816D-52F59CCE8171}.Release|x64.ActiveCfg = Release|x64
		{A3DFDA9B-2610-40C0-816D-52F59CCE8171}.Release|x64.Build.0 = Release|x64
		{A3DFDA9B-2610-40C0-816D-52F59CCE8171}.Release|x86.ActiveCfg = Release|Win32
		{A3DFDA9B-2610-40C0-816D-52F59CCE8171}.Release|x86.Build.0 = Release|Win32
	EndGlobalSection
	GlobalSection(SolutionProperties) = preSolution
		HideSolutionNode = FALSE
	EndGlobalSection
	GlobalSection(ExtensibilityGlobals) = postSolution
		SolutionGuid = {51E57188-D6D9-40F9-939D-04AED8176DA1}
	EndGlobalSection
EndGlobal
